{
  "originHash" : "bc50e8353f8f7d7538f7de030d9566ee2a62f161788250f30ba5a5cf4af403d7",
  "pins" : [
    {
      "identity" : "sayall-mac-remote",
      "kind" : "remoteSourceControl",
      "location" : "https://github.com/GetSayAll/sayall-mac-remote.git",
      "state" : {
        "revision" : "04a1bf2b713ee98c4d2c07cd690bb4b26288a82d"
      }
    },
    {
      "identity" : "sparkle",
      "kind" : "remoteSourceControl",
      "location" : "https://github.com/sparkle-project/Sparkle",
      "state" : {
        "revision" : "b6496a74a087257ef5e6da1c5b29a447a60f5bd7",
        "version" : "2.9.4"
      }
    }
  ],
  "version" : 3
}
